
Microsoft Visual Studio Solution File, Format Version 12.00
# Visual Studio 15
VisualStudioVersion = 15.0.26124.0
MinimumVisualStudioVersion = 15.0.26124.0
Project("{FAE04EC0-301F-11D3-BF4B-00C04F79EFBC}") = "API", "API\API.csproJ", "{9AD19E46-35AF-4600-A1A2-AD60ACD8327F}"
EndProject
Project("{FAE04EC0-301F-11D3-BF4B-00C04F79EFBC}") = "Application", "Application\Application.csproj", "{C5F46DF4-703C-4D9D-B340-2EA6B6C21211}"
EndProject
Project("{FAE04EC0-301F-11D3-BF4B-00C04F79EFBC}") = "Persistence", "Persistence\Persistence.csproj", "{64E31C7F-87A4-41EE-9BFA-1D4A26234293}"
EndProject
Project("{FAE04EC0-301F-11D3-BF4B-00C04F79EFBC}") = "Domain", "Domain\Domain.csproj", "{95959749-F4B6-4238-B6A9-64FF18F282BC}"
EndProject
Global
	GlobalSection(SolutionConfigurationPlatforms) = preSolution
		Debug|Any CPU = Debug|Any CPU
		Debug|x64 = Debug|x64
		Debug|x86 = Debug|x86
		Release|Any CPU = Release|Any CPU
		Release|x64 = Release|x64
		Release|x86 = Release|x86
	EndGlobalSection
	GlobalSection(SolutionProperties) = preSolution
		HideSolutionNode = FALSE
	EndGlobalSection
	GlobalSection(ProjectConfigurationPlatforms) = postSolution
		{9AD19E46-35AF-4600-A1A2-AD60ACD8327F}.Debug|Any CPU.ActiveCfg = Debug|Any CPU
		{9AD19E46-35AF-4600-A1A2-AD60ACD8327F}.Debug|Any CPU.Build.0 = Debug|Any CPU
		{9AD19E46-35AF-4600-A1A2-AD60ACD8327F}.Debug|x64.ActiveCfg = Debug|Any CPU
		{9AD19E46-35AF-4600-A1A2-AD60ACD8327F}.Debug|x64.Build.0 = Debug|Any CPU
		{9AD19E46-35AF-4600-A1A2-AD60ACD8327F}.Debug|x86.ActiveCfg = Debug|Any CPU
		{9AD19E46-35AF-4600-A1A2-AD60ACD8327F}.Debug|x86.Build.0 = Debug|Any CPU
		{9AD19E46-35AF-4600-A1A2-AD60ACD8327F}.Release|Any CPU.ActiveCfg = Release|Any CPU
		{9AD19E46-35AF-4600-A1A2-AD60ACD8327F}.Release|Any CPU.Build.0 = Release|Any CPU
		{9AD19E46-35AF-4600-A1A2-AD60ACD8327F}.Release|x64.ActiveCfg = Release|Any CPU
		{9AD19E46-35AF-4600-A1A2-AD60ACD8327F}.Release|x64.Build.0 = Release|Any CPU
		{9AD19E46-35AF-4600-A1A2-AD60ACD8327F}.Release|x86.ActiveCfg = Release|Any CPU
		{9AD19E46-35AF-4600-A1A2-AD60ACD8327F}.Release|x86.Build.0 = Release|Any CPU
		{C5F46DF4-703C-4D9D-B340-2EA6B6C21211}.Debug|Any CPU.ActiveCfg = Debug|Any CPU
		{C5F46DF4-703C-4D9D-B340-2EA6B6C21211}.Debug|Any CPU.Build.0 = Debug|Any CPU
		{C5F46DF4-703C-4D9D-B340-2EA6B6C21211}.Debug|x64.ActiveCfg = Debug|Any CPU
		{C5F46DF4-703C-4D9D-B340-2EA6B6C21211}.Debug|x64.Build.0 = Debug|Any CPU
		{C5F46DF4-703C-4D9D-B340-2EA6B6C21211}.Debug|x86.ActiveCfg = Debug|Any CPU
		{C5F46DF4-703C-4D9D-B340-2EA6B6C21211}.Debug|x86.Build.0 = Debug|Any CPU
		{C5F46DF4-703C-4D9D-B340-2EA6B6C21211}.Release|Any CPU.ActiveCfg = Release|Any CPU
		{C5F46DF4-703C-4D9D-B340-2EA6B6C21211}.Release|Any CPU.Build.0 = Release|Any CPU
		{C5F46DF4-703C-4D9D-B340-2EA6B6C21211}.Release|x64.ActiveCfg = Release|Any CPU
		{C5F46DF4-703C-4D9D-B340-2EA6B6C21211}.Release|x64.Build.0 = Release|Any CPU
		{C5F46DF4-703C-4D9D-B340-2EA6B6C21211}.Release|x86.ActiveCfg = Release|Any CPU
		{C5F46DF4-703C-4D9D-B340-2EA6B6C21211}.Release|x86.Build.0 = Release|Any CPU
		{64E31C7F-87A4-41EE-9BFA-1D4A26234293}.Debug|Any CPU.ActiveCfg = Debug|Any CPU
		{64E31C7F-87A4-41EE-9BFA-1D4A26234293}.Debug|Any CPU.Build.0 = Debug|Any CPU
		{64E31C7F-87A4-41EE-9BFA-1D4A26234293}.Debug|x64.ActiveCfg = Debug|Any CPU
		{64E31C7F-87A4-41EE-9BFA-1D4A26234293}.Debug|x64.Build.0 = Debug|Any CPU
		{64E31C7F-87A4-41EE-9BFA-1D4A26234293}.Debug|x86.ActiveCfg = Debug|Any CPU
		{64E31C7F-87A4-41EE-9BFA-1D4A26234293}.Debug|x86.Build.0 = Debug|Any CPU
		{64E31C7F-87A4-41EE-9BFA-1D4A26234293}.Release|Any CPU.ActiveCfg = Release|Any CPU
		{64E31C7F-87A4-41EE-9BFA-1D4A26234293}.Release|Any CPU.Build.0 = Release|Any CPU
		{64E31C7F-87A4-41EE-9BFA-1D4A26234293}.Release|x64.ActiveCfg = Release|Any CPU
		{64E31C7F-87A4-41EE-9BFA-1D4A26234293}.Release|x64.Build.0 = Release|Any CPU
		{64E31C7F-87A4-41EE-9BFA-1D4A26234293}.Release|x86.ActiveCfg = Release|Any CPU
		{64E31C7F-87A4-41EE-9BFA-1D4A26234293}.Release|x86.Build.0 = Release|Any CPU
		{95959749-F4B6-4238-B6A9-64FF18F282BC}.Debug|Any CPU.ActiveCfg = Debug|Any CPU
		{95959749-F4B6-4238-B6A9-64FF18F282BC}.Debug|Any CPU.Build.0 = Debug|Any CPU
		{95959749-F4B6-4238-B6A9-64FF18F282BC}.Debug|x64.ActiveCfg = Debug|Any CPU
		{95959749-F4B6-4238-B6A9-64FF18F282BC}.Debug|x64.Build.0 = Debug|Any CPU
		{95959749-F4B6-4238-B6A9-64FF18F282BC}.Debug|x86.ActiveCfg = Debug|Any CPU
		{95959749-F4B6-4238-B6A9-64FF18F282BC}.Debug|x86.Build.0 = Debug|Any CPU
		{95959749-F4B6-4238-B6A9-64FF18F282BC}.Release|Any CPU.ActiveCfg = Release|Any CPU
		{95959749-F4B6-4238-B6A9-64FF18F282BC}.Release|Any CPU.Build.0 = Release|Any CPU
		{95959749-F4B6-4238-B6A9-64FF18F282BC}.Release|x64.ActiveCfg = Release|Any CPU
		{95959749-F4B6-4238-B6A9-64FF18F282BC}.Release|x64.Build.0 = Release|Any CPU
		{95959749-F4B6-4238-B6A9-64FF18F282BC}.Release|x86.ActiveCfg = Release|Any CPU
		{95959749-F4B6-4238-B6A9-64FF18F282BC}.Release|x86.Build.0 = Release|Any CPU
	EndGlobalSection
EndGlobal
